// !$*UTF8*$!
{
	archiveVersion = 1;
	classes = {
	};
	objectVersion = 55;
	objects = {

/* Begin PBXBuildFile section */
		C96583132854538400BE918B /* SwiftUIMongoDBApp.swift in Sources */ = {isa = PBXBuildFile; fileRef = C96583122854538400BE918B /* SwiftUIMongoDBApp.swift */; };
		C96583172854538500BE918B /* Assets.xcassets in Resources */ = {isa = PBXBuildFile; fileRef = C96583162854538500BE918B /* Assets.xcassets */; };
		C965831A2854538500BE918B /* Preview Assets.xcassets in Resources */ = {isa = PBXBuildFile; fileRef = C96583192854538500BE918B /* Preview Assets.xcassets */; };
		C96583222854547900BE918B /* Setup.swift in Sources */ = {isa = PBXBuildFile; fileRef = C96583212854547900BE918B /* Setup.swift */; };
		C9658326285454FA00BE918B /* Group.swift in Sources */ = {isa = PBXBuildFile; fileRef = C9658325285454FA00BE918B /* Group.swift */; };
		C96583282854550400BE918B /* Item.swift in Sources */ = {isa = PBXBuildFile; fileRef = C96583272854550400BE918B /* Item.swift */; };
		C965832B2854551E00BE918B /* LoremIpsum.swift in Sources */ = {isa = PBXBuildFile; fileRef = C965832A2854551E00BE918B /* LoremIpsum.swift */; };
		C965832D2854553F00BE918B /* ErrorView.swift in Sources */ = {isa = PBXBuildFile; fileRef = C965832C2854553F00BE918B /* ErrorView.swift */; };
		C965832F2854556000BE918B /* LogoutButton.swift in Sources */ = {isa = PBXBuildFile; fileRef = C965832E2854556000BE918B /* LogoutButton.swift */; };
		C9658331285455D600BE918B /* ItemDetailsView.swift in Sources */ = {isa = PBXBuildFile; fileRef = C9658330285455D600BE918B /* ItemDetailsView.swift */; };
		C96583332854560E00BE918B /* ItemsView.swift in Sources */ = {isa = PBXBuildFile; fileRef = C96583322854560E00BE918B /* ItemsView.swift */; };
		C96583352854565800BE918B /* LoginView.swift in Sources */ = {isa = PBXBuildFile; fileRef = C96583342854565800BE918B /* LoginView.swift */; };
		C96583372854569300BE918B /* OpenSyncedRealmView.swift in Sources */ = {isa = PBXBuildFile; fileRef = C96583362854569300BE918B /* OpenSyncedRealmView.swift */; };
		C9658339285456D600BE918B /* SyncContentView.swift in Sources */ = {isa = PBXBuildFile; fileRef = C9658338285456D600BE918B /* SyncContentView.swift */; };
		C965833B285456FE00BE918B /* LocalOnlyContentView.swift in Sources */ = {isa = PBXBuildFile; fileRef = C965833A285456FE00BE918B /* LocalOnlyContentView.swift */; };
		C9B4B9922858A08A00716CE4 /* Realm in Frameworks */ = {isa = PBXBuildFile; productRef = C9B4B9912858A08A00716CE4 /* Realm */; };
		C9B4B9942858A08A00716CE4 /* RealmSwift in Frameworks */ = {isa = PBXBuildFile; productRef = C9B4B9932858A08A00716CE4 /* RealmSwift */; };
/* End PBXBuildFile section */

/* Begin PBXFileReference section */
		C965830F2854538400BE918B /* SwiftUIMongoDB.app */ = {isa = PBXFileReference; explicitFileType = wrapper.application; includeInIndex = 0; path = SwiftUIMongoDB.app; sourceTree = BUILT_PRODUCTS_DIR; };
		C96583122854538400BE918B /* SwiftUIMongoDBApp.swift */ = {isa = PBXFileReference; lastKnownFileType = sourcecode.swift; path = SwiftUIMongoDBApp.swift; sourceTree = "<group>"; };
		C96583162854538500BE918B /* Assets.xcassets */ = {isa = PBXFileReference; lastKnownFileType = folder.assetcatalog; path = Assets.xcassets; sourceTree = "<group>"; };
		C96583192854538500BE918B /* Preview Assets.xcassets */ = {isa = PBXFileReference; lastKnownFileType = folder.assetcatalog; path = "Preview Assets.xcassets"; sourceTree = "<group>"; };
		C96583212854547900BE918B /* Setup.swift */ = {isa = PBXFileReference; lastKnownFileType = sourcecode.swift; path = Setup.swift; sourceTree = "<group>"; };
		C9658325285454FA00BE918B /* Group.swift */ = {isa = PBXFileReference; lastKnownFileType = sourcecode.swift; path = Group.swift; sourceTree = "<group>"; };
		C96583272854550400BE918B /* Item.swift */ = {isa = PBXFileReference; lastKnownFileType = sourcecode.swift; path = Item.swift; sourceTree = "<group>"; };
		C965832A2854551E00BE918B /* LoremIpsum.swift */ = {isa = PBXFileReference; lastKnownFileType = sourcecode.swift; path = LoremIpsum.swift; sourceTree = "<group>"; };
		C965832C2854553F00BE918B /* ErrorView.swift */ = {isa = PBXFileReference; lastKnownFileType = sourcecode.swift; path = ErrorView.swift; sourceTree = "<group>"; };
		C965832E2854556000BE918B /* LogoutButton.swift */ = {isa = PBXFileReference; lastKnownFileType = sourcecode.swift; path = LogoutButton.swift; sourceTree = "<group>"; };
		C9658330285455D600BE918B /* ItemDetailsView.swift */ = {isa = PBXFileReference; lastKnownFileType = sourcecode.swift; path = ItemDetailsView.swift; sourceTree = "<group>"; };
		C96583322854560E00BE918B /* ItemsView.swift */ = {isa = PBXFileReference; lastKnownFileType = sourcecode.swift; path = ItemsView.swift; sourceTree = "<group>"; };
		C96583342854565800BE918B /* LoginView.swift */ = {isa = PBXFileReference; lastKnownFileType = sourcecode.swift; path = LoginView.swift; sourceTree = "<group>"; };
		C96583362854569300BE918B /* OpenSyncedRealmView.swift */ = {isa = PBXFileReference; lastKnownFileType = sourcecode.swift; path = OpenSyncedRealmView.swift; sourceTree = "<group>"; };
		C9658338285456D600BE918B /* SyncContentView.swift */ = {isa = PBXFileReference; lastKnownFileType = sourcecode.swift; path = SyncContentView.swift; sourceTree = "<group>"; };
		C965833A285456FE00BE918B /* LocalOnlyContentView.swift */ = {isa = PBXFileReference; lastKnownFileType = sourcecode.swift; path = LocalOnlyContentView.swift; sourceTree = "<group>"; };
/* End PBXFileReference section */

/* Begin PBXFrameworksBuildPhase section */
		C965830C2854538400BE918B /* Frameworks */ = {
			isa = PBXFrameworksBuildPhase;
			buildActionMask = 2147483647;
			files = (
				C9B4B9942858A08A00716CE4 /* RealmSwift in Frameworks */,
				C9B4B9922858A08A00716CE4 /* Realm in Frameworks */,
			);
			runOnlyForDeploymentPostprocessing = 0;
		};
/* End PBXFrameworksBuildPhase section */

/* Begin PBXGroup section */
		C96583062854538400BE918B = {
			isa = PBXGroup;
			children = (
				C96583112854538400BE918B /* SwiftUIMongoDB */,
				C96583102854538400BE918B /* Products */,
			);
			sourceTree = "<group>";
		};
		C96583102854538400BE918B /* Products */ = {
			isa = PBXGroup;
			children = (
				C965830F2854538400BE918B /* SwiftUIMongoDB.app */,
			);
			name = Products;
			sourceTree = "<group>";
		};
		C96583112854538400BE918B /* SwiftUIMongoDB */ = {
			isa = PBXGroup;
			children = (
				C96583292854551300BE918B /* Helpers */,
				C9658324285454D400BE918B /* Models */,
				C9658323285454C600BE918B /* Views */,
				C96583202854541700BE918B /* Main */,
				C96583162854538500BE918B /* Assets.xcassets */,
				C96583182854538500BE918B /* Preview Content */,
			);
			path = SwiftUIMongoDB;
			sourceTree = "<group>";
		};
		C96583182854538500BE918B /* Preview Content */ = {
			isa = PBXGroup;
			children = (
				C96583192854538500BE918B /* Preview Assets.xcassets */,
			);
			path = "Preview Content";
			sourceTree = "<group>";
		};
		C96583202854541700BE918B /* Main */ = {
			isa = PBXGroup;
			children = (
				C96583122854538400BE918B /* SwiftUIMongoDBApp.swift */,
				C96583212854547900BE918B /* Setup.swift */,
			);
			path = Main;
			sourceTree = "<group>";
		};
		C9658323285454C600BE918B /* Views */ = {
			isa = PBXGroup;
			children = (
				C965832C2854553F00BE918B /* ErrorView.swift */,
				C9658330285455D600BE918B /* ItemDetailsView.swift */,
				C96583322854560E00BE918B /* ItemsView.swift */,
				C965833A285456FE00BE918B /* LocalOnlyContentView.swift */,
				C965832E2854556000BE918B /* LogoutButton.swift */,
				C96583342854565800BE918B /* LoginView.swift */,
				C96583362854569300BE918B /* OpenSyncedRealmView.swift */,
				C9658338285456D600BE918B /* SyncContentView.swift */,
			);
			path = Views;
			sourceTree = "<group>";
		};
		C9658324285454D400BE918B /* Models */ = {
			isa = PBXGroup;
			children = (
				C9658325285454FA00BE918B /* Group.swift */,
				C96583272854550400BE918B /* Item.swift */,
			);
			path = Models;
			sourceTree = "<group>";
		};
		C96583292854551300BE918B /* Helpers */ = {
			isa = PBXGroup;
			children = (
				C965832A2854551E00BE918B /* LoremIpsum.swift */,
			);
			path = Helpers;
			sourceTree = "<group>";
		};
/* End PBXGroup section */

/* Begin PBXNativeTarget section */
		C965830E2854538400BE918B /* SwiftUIMongoDB */ = {
			isa = PBXNativeTarget;
			buildConfigurationList = C965831D2854538500BE918B /* Build configuration list for PBXNativeTarget "SwiftUIMongoDB" */;
			buildPhases = (
				C965830B2854538400BE918B /* Sources */,
				C965830C2854538400BE918B /* Frameworks */,
				C965830D2854538400BE918B /* Resources */,
			);
			buildRules = (
			);
			dependencies = (
			);
			name = SwiftUIMongoDB;
			packageProductDependencies = (
				C9B4B9912858A08A00716CE4 /* Realm */,
				C9B4B9932858A08A00716CE4 /* RealmSwift */,
			);
			productName = SwiftUIMongoDB;
			productReference = C965830F2854538400BE918B /* SwiftUIMongoDB.app */;
			productType = "com.apple.product-type.application";
		};
/* End PBXNativeTarget section */

/* Begin PBXProject section */
		C96583072854538400BE918B /* Project object */ = {
			isa = PBXProject;
			attributes = {
				BuildIndependentTargetsInParallel = 1;
				LastSwiftUpdateCheck = 1340;
				LastUpgradeCheck = 1340;
				TargetAttributes = {
					C965830E2854538400BE918B = {
						CreatedOnToolsVersion = 13.4.1;
					};
				};
			};
			buildConfigurationList = C965830A2854538400BE918B /* Build configuration list for PBXProject "SwiftUIMongoDB" */;
			compatibilityVersion = "Xcode 13.0";
			developmentRegion = en;
			hasScannedForEncodings = 0;
			knownRegions = (
				en,
				Base,
			);
			mainGroup = C96583062854538400BE918B;
			packageReferences = (
				C9B4B9902858A08A00716CE4 /* XCRemoteSwiftPackageReference "realm-swift" */,
			);
			productRefGroup = C96583102854538400BE918B /* Products */;
			projectDirPath = "";
			projectRoot = "";
			targets = (
				C965830E2854538400BE918B /* SwiftUIMongoDB */,
			);
		};
/* End PBXProject section */

/* Begin PBXResourcesBuildPhase section */
		C965830D2854538400BE918B /* Resources */ = {
			isa = PBXResourcesBuildPhase;
			buildActionMask = 2147483647;
			files = (
				C965831A2854538500BE918B /* Preview Assets.xcassets in Resources */,
				C96583172854538500BE918B /* Assets.xcassets in Resources */,
			);
			runOnlyForDeploymentPostprocessing = 0;
		};
/* End PBXResourcesBuildPhase section */

/* Begin PBXSourcesBuildPhase section */
		C965830B2854538400BE918B /* Sources */ = {
			isa = PBXSourcesBuildPhase;
			buildActionMask = 2147483647;
			files = (
				C96583372854569300BE918B /* OpenSyncedRealmView.swift in Sources */,
				C96583282854550400BE918B /* Item.swift in Sources */,
				C96583222854547900BE918B /* Setup.swift in Sources */,
				C9658331285455D600BE918B /* ItemDetailsView.swift in Sources */,
				C965832F2854556000BE918B /* LogoutButton.swift in Sources */,
				C96583132854538400BE918B /* SwiftUIMongoDBApp.swift in Sources */,
				C965832D2854553F00BE918B /* ErrorView.swift in Sources */,
				C96583332854560E00BE918B /* ItemsView.swift in Sources */,
				C96583352854565800BE918B /* LoginView.swift in Sources */,
				C965832B2854551E00BE918B /* LoremIpsum.swift in Sources */,
				C9658326285454FA00BE918B /* Group.swift in Sources */,
				C965833B285456FE00BE918B /* LocalOnlyContentView.swift in Sources */,
				C9658339285456D600BE918B /* SyncContentView.swift in Sources */,
			);
			runOnlyForDeploymentPostprocessing = 0;
		};
/* End PBXSourcesBuildPhase section */

/* Begin XCBuildConfiguration section */
		C965831B2854538500BE918B /* Debug */ = {
			isa = XCBuildConfiguration;
			buildSettings = {
				ALWAYS_SEARCH_USER_PATHS = NO;
				CLANG_ANALYZER_NONNULL = YES;
				CLANG_ANALYZER_NUMBER_OBJECT_CONVERSION = YES_AGGRESSIVE;
				CLANG_CXX_LANGUAGE_STANDARD = "gnu++17";
				CLANG_ENABLE_MODULES = YES;
				CLANG_ENABLE_OBJC_ARC = YES;
				CLANG_ENABLE_OBJC_WEAK = YES;
				CLANG_WARN_BLOCK_CAPTURE_AUTORELEASING = YES;
				CLANG_WARN_BOOL_CONVERSION = YES;
				CLANG_WARN_COMMA = YES;
				CLANG_WARN_CONSTANT_CONVERSION = YES;
				CLANG_WARN_DEPRECATED_OBJC_IMPLEMENTATIONS = YES;
				CLANG_WARN_DIRECT_OBJC_ISA_USAGE = YES_ERROR;
				CLANG_WARN_DOCUMENTATION_COMMENTS = YES;
				CLANG_WARN_EMPTY_BODY = YES;
				CLANG_WARN_ENUM_CONVERSION = YES;
				CLANG_WARN_INFINITE_RECURSION = YES;
				CLANG_WARN_INT_CONVERSION = YES;
				CLANG_WARN_NON_LITERAL_NULL_CONVERSION = YES;
				CLANG_WARN_OBJC_IMPLICIT_RETAIN_SELF = YES;
				CLANG_WARN_OBJC_LITERAL_CONVERSION = YES;
				CLANG_WARN_OBJC_ROOT_CLASS = YES_ERROR;
				CLANG_WARN_QUOTED_INCLUDE_IN_FRAMEWORK_HEADER = YES;
				CLANG_WARN_RANGE_LOOP_ANALYSIS = YES;
				CLANG_WARN_STRICT_PROTOTYPES = YES;
				CLANG_WARN_SUSPICIOUS_MOVE = YES;
				CLANG_WARN_UNGUARDED_AVAILABILITY = YES_AGGRESSIVE;
				CLANG_WARN_UNREACHABLE_CODE = YES;
				CLANG_WARN__DUPLICATE_METHOD_MATCH = YES;
				COPY_PHASE_STRIP = NO;
				DEBUG_INFORMATION_FORMAT = dwarf;
				ENABLE_STRICT_OBJC_MSGSEND = YES;
				ENABLE_TESTABILITY = YES;
				GCC_C_LANGUAGE_STANDARD = gnu11;
				GCC_DYNAMIC_NO_PIC = NO;
				GCC_NO_COMMON_BLOCKS = YES;
				GCC_OPTIMIZATION_LEVEL = 0;
				GCC_PREPROCESSOR_DEFINITIONS = (
					"DEBUG=1",
					"$(inherited)",
				);
				GCC_WARN_64_TO_32_BIT_CONVERSION = YES;
				GCC_WARN_ABOUT_RETURN_TYPE = YES_ERROR;
				GCC_WARN_UNDECLARED_SELECTOR = YES;
				GCC_WARN_UNINITIALIZED_AUTOS = YES_AGGRESSIVE;
				GCC_WARN_UNUSED_FUNCTION = YES;
				GCC_WARN_UNUSED_VARIABLE = YES;
				IPHONEOS_DEPLOYMENT_TARGET = 15.5;
				MTL_ENABLE_DEBUG_INFO = INCLUDE_SOURCE;
				MTL_FAST_MATH = YES;
				ONLY_ACTIVE_ARCH = YES;
				SDKROOT = iphoneos;
				SWIFT_ACTIVE_COMPILATION_CONDITIONS = DEBUG;
				SWIFT_OPTIMIZATION_LEVEL = "-Onone";
			};
			name = Debug;
		};
		C965831C2854538500BE918B /* Release */ = {
			isa = XCBuildConfiguration;
			buildSettings = {
				ALWAYS_SEARCH_USER_PATHS = NO;
				CLANG_ANALYZER_NONNULL = YES;
				CLANG_ANALYZER_NUMBER_OBJECT_CONVERSION = YES_AGGRESSIVE;
				CLANG_CXX_LANGUAGE_STANDARD = "gnu++17";
				CLANG_ENABLE_MODULES = YES;
				CLANG_ENABLE_OBJC_ARC = YES;
				CLANG_ENABLE_OBJC_WEAK = YES;
				CLANG_WARN_BLOCK_CAPTURE_AUTORELEASING = YES;
				CLANG_WARN_BOOL_CONVERSION = YES;
				CLANG_WARN_COMMA = YES;
				CLANG_WARN_CONSTANT_CONVERSION = YES;
				CLANG_WARN_DEPRECATED_OBJC_IMPLEMENTATIONS = YES;
				CLANG_WARN_DIRECT_OBJC_ISA_USAGE = YES_ERROR;
				CLANG_WARN_DOCUMENTATION_COMMENTS = YES;
				CLANG_WARN_EMPTY_BODY = YES;
				CLANG_WARN_ENUM_CONVERSION = YES;
				CLANG_WARN_INFINITE_RECURSION = YES;
				CLANG_WARN_INT_CONVERSION = YES;
				CLANG_WARN_NON_LITERAL_NULL_CONVERSION = YES;
				CLANG_WARN_OBJC_IMPLICIT_RETAIN_SELF = YES;
				CLANG_WARN_OBJC_LITERAL_CONVERSION = YES;
				CLANG_WARN_OBJC_ROOT_CLASS = YES_ERROR;
				CLANG_WARN_QUOTED_INCLUDE_IN_FRAMEWORK_HEADER = YES;
				CLANG_WARN_RANGE_LOOP_ANALYSIS = YES;
				CLANG_WARN_STRICT_PROTOTYPES = YES;
				CLANG_WARN_SUSPICIOUS_MOVE = YES;
				CLANG_WARN_UNGUARDED_AVAILABILITY = YES_AGGRESSIVE;
				CLANG_WARN_UNREACHABLE_CODE = YES;
				CLANG_WARN__DUPLICATE_METHOD_MATCH = YES;
				COPY_PHASE_STRIP = NO;
				DEBUG_INFORMATION_FORMAT = "dwarf-with-dsym";
				ENABLE_NS_ASSERTIONS = NO;
				ENABLE_STRICT_OBJC_MSGSEND = YES;
				GCC_C_LANGUAGE_STANDARD = gnu11;
				GCC_NO_COMMON_BLOCKS = YES;
				GCC_WARN_64_TO_32_BIT_CONVERSION = YES;
				GCC_WARN_ABOUT_RETURN_TYPE = YES_ERROR;
				GCC_WARN_UNDECLARED_SELECTOR = YES;
				GCC_WARN_UNINITIALIZED_AUTOS = YES_AGGRESSIVE;
				GCC_WARN_UNUSED_FUNCTION = YES;
				GCC_WARN_UNUSED_VARIABLE = YES;
				IPHONEOS_DEPLOYMENT_TARGET = 15.5;
				MTL_ENABLE_DEBUG_INFO = NO;
				MTL_FAST_MATH = YES;
				SDKROOT = iphoneos;
				SWIFT_COMPILATION_MODE = wholemodule;
				SWIFT_OPTIMIZATION_LEVEL = "-O";
				VALIDATE_PRODUCT = YES;
			};
			name = Release;
		};
		C965831E2854538500BE918B /* Debug */ = {
			isa = XCBuildConfiguration;
			buildSettings = {
				ASSETCATALOG_COMPILER_APPICON_NAME = AppIcon;
				ASSETCATALOG_COMPILER_GLOBAL_ACCENT_COLOR_NAME = AccentColor;
				CODE_SIGN_STYLE = Automatic;
				CURRENT_PROJECT_VERSION = 1;
				DEVELOPMENT_ASSET_PATHS = "\"SwiftUIMongoDB/Preview Content\"";
				DEVELOPMENT_TEAM = R252PR8AVU;
				ENABLE_PREVIEWS = YES;
				GENERATE_INFOPLIST_FILE = YES;
				INFOPLIST_KEY_UIApplicationSceneManifest_Generation = YES;
				INFOPLIST_KEY_UIApplicationSupportsIndirectInputEvents = YES;
				INFOPLIST_KEY_UILaunchScreen_Generation = YES;
				INFOPLIST_KEY_UISupportedInterfaceOrientations_iPad = "UIInterfaceOrientationPortrait UIInterfaceOrientationPortraitUpsideDown UIInterfaceOrientationLandscapeLeft UIInterfaceOrientationLandscapeRight";
				INFOPLIST_KEY_UISupportedInterfaceOrientations_iPhone = "UIInterfaceOrientationPortrait UIInterfaceOrientationLandscapeLeft UIInterfaceOrientationLandscapeRight";
				LD_RUNPATH_SEARCH_PATHS = (
					"$(inherited)",
					"@executable_path/Frameworks",
				);
				MARKETING_VERSION = 1.0;
				PRODUCT_BUNDLE_IDENTIFIER = com.rebeloper.SwiftUIMongoDB;
				PRODUCT_NAME = "$(TARGET_NAME)";
				SWIFT_EMIT_LOC_STRINGS = YES;
				SWIFT_VERSION = 5.0;
				TARGETED_DEVICE_FAMILY = "1,2";
			};
			name = Debug;
		};
		C965831F2854538500BE918B /* Release */ = {
			isa = XCBuildConfiguration;
			buildSettings = {
				ASSETCATALOG_COMPILER_APPICON_NAME = AppIcon;
				ASSETCATALOG_COMPILER_GLOBAL_ACCENT_COLOR_NAME = AccentColor;
				CODE_SIGN_STYLE = Automatic;
				CURRENT_PROJECT_VERSION = 1;
				DEVELOPMENT_ASSET_PATHS = "\"SwiftUIMongoDB/Preview Content\"";
				DEVELOPMENT_TEAM = R252PR8AVU;
				ENABLE_PREVIEWS = YES;
				GENERATE_INFOPLIST_FILE = YES;
				INFOPLIST_KEY_UIApplicationSceneManifest_Generation = YES;
				INFOPLIST_KEY_UIApplicationSupportsIndirectInputEvents = YES;
				INFOPLIST_KEY_UILaunchScreen_Generation = YES;
				INFOPLIST_KEY_UISupportedInterfaceOrientations_iPad = "UIInterfaceOrientationPortrait UIInterfaceOrientationPortraitUpsideDown UIInterfaceOrientationLandscapeLeft UIInterfaceOrientationLandscapeRight";
				INFOPLIST_KEY_UISupportedInterfaceOrientations_iPhone = "UIInterfaceOrientationPortrait UIInterfaceOrientationLandscapeLeft UIInterfaceOrientationLandscapeRight";
				LD_RUNPATH_SEARCH_PATHS = (
					"$(inherited)",
					"@executable_path/Frameworks",
				);
				MARKETING_VERSION = 1.0;
				PRODUCT_BUNDLE_IDENTIFIER = com.rebeloper.SwiftUIMongoDB;
				PRODUCT_NAME = "$(TARGET_NAME)";
				SWIFT_EMIT_LOC_STRINGS = YES;
				SWIFT_VERSION = 5.0;
				TARGETED_DEVICE_FAMILY = "1,2";
			};
			name = Release;
		};
/* End XCBuildConfiguration section */

/* Begin XCConfigurationList section */
		C965830A2854538400BE918B /* Build configuration list for PBXProject "SwiftUIMongoDB" */ = {
			isa = XCConfigurationList;
			buildConfigurations = (
				C965831B2854538500BE918B /* Debug */,
				C965831C2854538500BE918B /* Release */,
			);
			defaultConfigurationIsVisible = 0;
			defaultConfigurationName = Release;
		};
		C965831D2854538500BE918B /* Build configuration list for PBXNativeTarget "SwiftUIMongoDB" */ = {
			isa = XCConfigurationList;
			buildConfigurations = (
				C965831E2854538500BE918B /* Debug */,
				C965831F2854538500BE918B /* Release */,
			);
			defaultConfigurationIsVisible = 0;
			defaultConfigurationName = Release;
		};
/* End XCConfigurationList section */

/* Begin XCRemoteSwiftPackageReference section */
		C9B4B9902858A08A00716CE4 /* XCRemoteSwiftPackageReference "realm-swift" */ = {
			isa = XCRemoteSwiftPackageReference;
			repositoryURL = "https://github.com/realm/realm-swift.git";
			requirement = {
				branch = master;
				kind = branch;
			};
		};
/* End XCRemoteSwiftPackageReference section */

/* Begin XCSwiftPackageProductDependency section */
		C9B4B9912858A08A00716CE4 /* Realm */ = {
			isa = XCSwiftPackageProductDependency;
			package = C9B4B9902858A08A00716CE4 /* XCRemoteSwiftPackageReference "realm-swift" */;
			productName = Realm;
		};
		C9B4B9932858A08A00716CE4 /* RealmSwift */ = {
			isa = XCSwiftPackageProductDependency;
			package = C9B4B9902858A08A00716CE4 /* XCRemoteSwiftPackageReference "realm-swift" */;
			productName = RealmSwift;
		};
/* End XCSwiftPackageProductDependency section */
	};
	rootObject = C96583072854538400BE918B /* Project object */;
}
